{
    "version": 3,
    "terraform_version": "0.11.3",
    "serial": 22,
    "lineage": "201a15ae-81d2-49ce-85c0-9b927ce5f221",
    "modules": [
        {
            "path": [
                "root"
            ],
            "outputs": {},
            "resources": {
                "aws_instance.wb": {
                    "type": "aws_instance",
                    "depends_on": [
                        "aws_key_pair.default",
                        "aws_security_group.sgec2",
                        "aws_subnet.public-subnet1"
                    ],
                    "primary": {
                        "id": "i-045181071ed3e3d86",
                        "attributes": {
                            "ami": "ami-66506c1c",
                            "associate_public_ip_address": "true",
                            "availability_zone": "us-east-1a",
                            "disable_api_termination": "false",
                            "ebs_block_device.#": "0",
                            "ebs_optimized": "false",
                            "ephemeral_block_device.#": "0",
                            "iam_instance_profile": "",
                            "id": "i-045181071ed3e3d86",
                            "instance_state": "running",
                            "instance_type": "t2.micro",
                            "ipv6_addresses.#": "0",
                            "key_name": "MLtestKP",
                            "monitoring": "false",
                            "network_interface.#": "0",
                            "network_interface_id": "eni-f6ec5021",
                            "placement_group": "",
                            "primary_network_interface_id": "eni-f6ec5021",
                            "private_dns": "ip-10-0-1-23.ec2.internal",
                            "private_ip": "10.0.1.23",
                            "public_dns": "ec2-18-232-170-41.compute-1.amazonaws.com",
                            "public_ip": "18.232.170.41",
                            "root_block_device.#": "1",
                            "root_block_device.0.delete_on_termination": "true",
                            "root_block_device.0.iops": "100",
                            "root_block_device.0.volume_id": "vol-02ea6242b3df23713",
                            "root_block_device.0.volume_size": "8",
                            "root_block_device.0.volume_type": "gp2",
                            "security_groups.#": "0",
                            "source_dest_check": "false",
                            "subnet_id": "subnet-cd438087",
                            "tags.%": "1",
                            "tags.Name": "Ec2Terraform",
                            "tenancy": "default",
                            "volume_tags.%": "0",
                            "vpc_security_group_ids.#": "1",
                            "vpc_security_group_ids.2424593609": "sg-971533e1"
                        },
                        "meta": {
                            "e2bfb730-ecaa-11e6-8f88-34363bc7c4c0": {
                                "create": 600000000000,
                                "delete": 1200000000000,
                                "update": 600000000000
                            },
                            "schema_version": "1"
                        },
                        "tainted": false
                    },
                    "deposed": [],
                    "provider": "provider.aws"
                },
                "aws_internet_gateway.gw": {
                    "type": "aws_internet_gateway",
                    "depends_on": [
                        "aws_vpc.default"
                    ],
                    "primary": {
                        "id": "igw-60983618",
                        "attributes": {
                            "id": "igw-60983618",
                            "tags.%": "1",
                            "tags.Name": "IGTerraform",
                            "vpc_id": "vpc-6bcb5c10"
                        },
                        "meta": {},
                        "tainted": false
                    },
                    "deposed": [],
                    "provider": "provider.aws"
                },
                "aws_key_pair.default": {
                    "type": "aws_key_pair",
                    "depends_on": [],
                    "primary": {
                        "id": "MLtestKP",
                        "attributes": {
                            "id": "MLtestKP",
                            "key_name": "MLtestKP",
                            "public_key": "ssh-rsa AAAAB3NzaC1yc2EAAAADAQABAAABAQCh5+1cyty0Qnmn+HPkikFt/qIDru7apdv3GR3JV2DiNo82GJUm1/uvYMs41ri/27VQXR4zYSPeUKON99izGM08zX//rkjadEBcyqBj034JH0YtFlX5lwTmhRMUZVUsQRZT5waZenr2RDS1DfeqN2qF+57uSSO0EnhItD/ly+iLRisXeVyC1iYg03uVMBhQippfaFatf4T67HyXj33D2syhx1+CxclmcqPAryMG9xzZPxaXssa8ivaTXGJyYRLd1DGacBdcis6sXGBFTK4TZku10CMdvg+iJEdWJ6OIYuWlEgqdVYBskV2XBl1pJFm8lsvdQuoH2kOVxcLjnAEHQVvr"
                        },
                        "meta": {
                            "schema_version": "1"
                        },
                        "tainted": false
                    },
                    "deposed": [],
                    "provider": "provider.aws"
                },
                "aws_network_acl.PriNacl": {
                    "type": "aws_network_acl",
                    "depends_on": [
                        "aws_subnet.private-subnet1",
                        "aws_subnet.private-subnet2",
                        "aws_vpc.default"
                    ],
                    "primary": {
                        "id": "acl-2c907d56",
                        "attributes": {
                            "egress.#": "1",
                            "egress.1401401844.action": "allow",
                            "egress.1401401844.cidr_block": "0.0.0.0/0",
                            "egress.1401401844.from_port": "0",
                            "egress.1401401844.icmp_code": "0",
                            "egress.1401401844.icmp_type": "0",
                            "egress.1401401844.ipv6_cidr_block": "",
                            "egress.1401401844.protocol": "-1",
                            "egress.1401401844.rule_no": "100",
                            "egress.1401401844.to_port": "0",
                            "id": "acl-2c907d56",
                            "ingress.#": "1",
                            "ingress.1401401844.action": "allow",
                            "ingress.1401401844.cidr_block": "0.0.0.0/0",
                            "ingress.1401401844.from_port": "0",
                            "ingress.1401401844.icmp_code": "0",
                            "ingress.1401401844.icmp_type": "0",
                            "ingress.1401401844.ipv6_cidr_block": "",
                            "ingress.1401401844.protocol": "-1",
                            "ingress.1401401844.rule_no": "100",
                            "ingress.1401401844.to_port": "0",
                            "subnet_ids.#": "2",
                            "subnet_ids.2012033480": "subnet-f886b9a5",
                            "subnet_ids.2916950816": "subnet-f72deebd",
                            "tags.%": "1",
                            "tags.Name": "PriNaclTerraform",
                            "vpc_id": "vpc-6bcb5c10"
                        },
                        "meta": {},
                        "tainted": false
                    },
                    "deposed": [],
                    "provider": "provider.aws"
                },
                "aws_network_acl.PubNacl": {
                    "type": "aws_network_acl",
                    "depends_on": [
                        "aws_subnet.public-subnet1",
                        "aws_subnet.public-subnet2",
                        "aws_vpc.default"
                    ],
                    "primary": {
                        "id": "acl-0f997475",
                        "attributes": {
                            "egress.#": "1",
                            "egress.1401401844.action": "allow",
                            "egress.1401401844.cidr_block": "0.0.0.0/0",
                            "egress.1401401844.from_port": "0",
                            "egress.1401401844.icmp_code": "0",
                            "egress.1401401844.icmp_type": "0",
                            "egress.1401401844.ipv6_cidr_block": "",
                            "egress.1401401844.protocol": "-1",
                            "egress.1401401844.rule_no": "100",
                            "egress.1401401844.to_port": "0",
                            "id": "acl-0f997475",
                            "ingress.#": "1",
                            "ingress.1401401844.action": "allow",
                            "ingress.1401401844.cidr_block": "0.0.0.0/0",
                            "ingress.1401401844.from_port": "0",
                            "ingress.1401401844.icmp_code": "0",
                            "ingress.1401401844.icmp_type": "0",
                            "ingress.1401401844.ipv6_cidr_block": "",
                            "ingress.1401401844.protocol": "-1",
                            "ingress.1401401844.rule_no": "100",
                            "ingress.1401401844.to_port": "0",
                            "subnet_ids.#": "2",
                            "subnet_ids.1246535708": "subnet-cd438087",
                            "subnet_ids.1507101413": "subnet-e8724cb5",
                            "tags.%": "1",
                            "tags.Name": "PubNaclTerraform",
                            "vpc_id": "vpc-6bcb5c10"
                        },
                        "meta": {},
                        "tainted": false
                    },
                    "deposed": [],
                    "provider": "provider.aws"
                },
                "aws_route_table.private-rt": {
                    "type": "aws_route_table",
                    "depends_on": [
                        "aws_vpc.default"
                    ],
                    "primary": {
                        "id": "rtb-46b5363a",
                        "attributes": {
                            "id": "rtb-46b5363a",
                            "propagating_vgws.#": "0",
                            "route.#": "0",
                            "tags.%": "1",
                            "tags.Name": "PriRTTerraform",
                            "vpc_id": "vpc-6bcb5c10"
                        },
                        "meta": {},
                        "tainted": false
                    },
                    "deposed": [],
                    "provider": "provider.aws"
                },
                "aws_route_table.public-rt": {
                    "type": "aws_route_table",
                    "depends_on": [
                        "aws_internet_gateway.gw",
                        "aws_vpc.default"
                    ],
                    "primary": {
                        "id": "rtb-75b93a09",
                        "attributes": {
                            "id": "rtb-75b93a09",
                            "propagating_vgws.#": "0",
                            "route.#": "1",
                            "route.3645986974.cidr_block": "0.0.0.0/0",
                            "route.3645986974.egress_only_gateway_id": "",
                            "route.3645986974.gateway_id": "igw-60983618",
                            "route.3645986974.instance_id": "",
                            "route.3645986974.ipv6_cidr_block": "",
                            "route.3645986974.nat_gateway_id": "",
                            "route.3645986974.network_interface_id": "",
                            "route.3645986974.vpc_peering_connection_id": "",
                            "tags.%": "1",
                            "tags.Name": "PubRTTerraform",
                            "vpc_id": "vpc-6bcb5c10"
                        },
                        "meta": {},
                        "tainted": false
                    },
                    "deposed": [],
                    "provider": "provider.aws"
                },
                "aws_route_table_association.private-rt1": {
                    "type": "aws_route_table_association",
                    "depends_on": [
                        "aws_route_table.private-rt",
                        "aws_subnet.private-subnet1"
                    ],
                    "primary": {
                        "id": "rtbassoc-0c1bea73",
                        "attributes": {
                            "id": "rtbassoc-0c1bea73",
                            "route_table_id": "rtb-46b5363a",
                            "subnet_id": "subnet-f72deebd"
                        },
                        "meta": {},
                        "tainted": false
                    },
                    "deposed": [],
                    "provider": "provider.aws"
                },
                "aws_route_table_association.private-rt2": {
                    "type": "aws_route_table_association",
                    "depends_on": [
                        "aws_route_table.private-rt",
                        "aws_subnet.private-subnet2"
                    ],
                    "primary": {
                        "id": "rtbassoc-a71bead8",
                        "attributes": {
                            "id": "rtbassoc-a71bead8",
                            "route_table_id": "rtb-46b5363a",
                            "subnet_id": "subnet-f886b9a5"
                        },
                        "meta": {},
                        "tainted": false
                    },
                    "deposed": [],
                    "provider": "provider.aws"
                },
                "aws_route_table_association.public-rt1": {
                    "type": "aws_route_table_association",
                    "depends_on": [
                        "aws_route_table.public-rt",
                        "aws_subnet.public-subnet1"
                    ],
                    "primary": {
                        "id": "rtbassoc-ba2adbc5",
                        "attributes": {
                            "id": "rtbassoc-ba2adbc5",
                            "route_table_id": "rtb-75b93a09",
                            "subnet_id": "subnet-cd438087"
                        },
                        "meta": {},
                        "tainted": false
                    },
                    "deposed": [],
                    "provider": "provider.aws"
                },
                "aws_route_table_association.public-rt2": {
                    "type": "aws_route_table_association",
                    "depends_on": [
                        "aws_route_table.public-rt",
                        "aws_subnet.public-subnet2"
                    ],
                    "primary": {
                        "id": "rtbassoc-d32cddac",
                        "attributes": {
                            "id": "rtbassoc-d32cddac",
                            "route_table_id": "rtb-75b93a09",
                            "subnet_id": "subnet-e8724cb5"
                        },
                        "meta": {},
                        "tainted": false
                    },
                    "deposed": [],
                    "provider": "provider.aws"
                },
                "aws_security_group.sgec2": {
                    "type": "aws_security_group",
                    "depends_on": [
                        "aws_vpc.default"
                    ],
                    "primary": {
                        "id": "sg-971533e1",
                        "attributes": {
                            "description": "Allow all type of connection",
                            "egress.#": "1",
                            "egress.482069346.cidr_blocks.#": "1",
                            "egress.482069346.cidr_blocks.0": "0.0.0.0/0",
                            "egress.482069346.description": "",
                            "egress.482069346.from_port": "0",
                            "egress.482069346.ipv6_cidr_blocks.#": "0",
                            "egress.482069346.prefix_list_ids.#": "0",
                            "egress.482069346.protocol": "-1",
                            "egress.482069346.security_groups.#": "0",
                            "egress.482069346.self": "false",
                            "egress.482069346.to_port": "0",
                            "id": "sg-971533e1",
                            "ingress.#": "1",
                            "ingress.482069346.cidr_blocks.#": "1",
                            "ingress.482069346.cidr_blocks.0": "0.0.0.0/0",
                            "ingress.482069346.description": "",
                            "ingress.482069346.from_port": "0",
                            "ingress.482069346.ipv6_cidr_blocks.#": "0",
                            "ingress.482069346.protocol": "-1",
                            "ingress.482069346.security_groups.#": "0",
                            "ingress.482069346.self": "false",
                            "ingress.482069346.to_port": "0",
                            "name": "vpc_test_web",
                            "owner_id": "265418156239",
                            "revoke_rules_on_delete": "false",
                            "tags.%": "1",
                            "tags.Name": "Ec2SGTerraform",
                            "vpc_id": "vpc-6bcb5c10"
                        },
                        "meta": {
                            "schema_version": "1"
                        },
                        "tainted": false
                    },
                    "deposed": [],
                    "provider": "provider.aws"
                },
                "aws_subnet.private-subnet1": {
                    "type": "aws_subnet",
                    "depends_on": [
                        "aws_vpc.default"
                    ],
                    "primary": {
                        "id": "subnet-f72deebd",
                        "attributes": {
                            "assign_ipv6_address_on_creation": "false",
                            "availability_zone": "us-east-1a",
                            "cidr_block": "10.0.3.0/24",
                            "id": "subnet-f72deebd",
                            "map_public_ip_on_launch": "false",
                            "tags.%": "1",
                            "tags.Name": "PriSub1Terraform",
                            "vpc_id": "vpc-6bcb5c10"
                        },
                        "meta": {
                            "schema_version": "1"
                        },
                        "tainted": false
                    },
                    "deposed": [],
                    "provider": "provider.aws"
                },
                "aws_subnet.private-subnet2": {
                    "type": "aws_subnet",
                    "depends_on": [
                        "aws_vpc.default"
                    ],
                    "primary": {
                        "id": "subnet-f886b9a5",
                        "attributes": {
                            "assign_ipv6_address_on_creation": "false",
                            "availability_zone": "us-east-1b",
                            "cidr_block": "10.0.4.0/24",
                            "id": "subnet-f886b9a5",
                            "map_public_ip_on_launch": "false",
                            "tags.%": "1",
                            "tags.Name": "PriSub2Terraform",
                            "vpc_id": "vpc-6bcb5c10"
                        },
                        "meta": {
                            "schema_version": "1"
                        },
                        "tainted": false
                    },
                    "deposed": [],
                    "provider": "provider.aws"
                },
                "aws_subnet.public-subnet1": {
                    "type": "aws_subnet",
                    "depends_on": [
                        "aws_vpc.default"
                    ],
                    "primary": {
                        "id": "subnet-cd438087",
                        "attributes": {
                            "assign_ipv6_address_on_creation": "false",
                            "availability_zone": "us-east-1a",
                            "cidr_block": "10.0.1.0/24",
                            "id": "subnet-cd438087",
                            "map_public_ip_on_launch": "false",
                            "tags.%": "1",
                            "tags.Name": "PubSub1Terraform",
                            "vpc_id": "vpc-6bcb5c10"
                        },
                        "meta": {
                            "schema_version": "1"
                        },
                        "tainted": false
                    },
                    "deposed": [],
                    "provider": "provider.aws"
                },
                "aws_subnet.public-subnet2": {
                    "type": "aws_subnet",
                    "depends_on": [
                        "aws_vpc.default"
                    ],
                    "primary": {
                        "id": "subnet-e8724cb5",
                        "attributes": {
                            "assign_ipv6_address_on_creation": "false",
                            "availability_zone": "us-east-1b",
                            "cidr_block": "10.0.2.0/24",
                            "id": "subnet-e8724cb5",
                            "map_public_ip_on_launch": "false",
                            "tags.%": "1",
                            "tags.Name": "PubSub2Terraform",
                            "vpc_id": "vpc-6bcb5c10"
                        },
                        "meta": {
                            "schema_version": "1"
                        },
                        "tainted": false
                    },
                    "deposed": [],
                    "provider": "provider.aws"
                },
                "aws_vpc.default": {
                    "type": "aws_vpc",
                    "depends_on": [],
                    "primary": {
                        "id": "vpc-6bcb5c10",
                        "attributes": {
                            "assign_generated_ipv6_cidr_block": "false",
                            "cidr_block": "10.0.0.0/16",
                            "default_network_acl_id": "acl-6ced0016",
                            "default_route_table_id": "rtb-99bc3fe5",
                            "default_security_group_id": "sg-5b10362d",
                            "dhcp_options_id": "dopt-3909ec5c",
                            "enable_classiclink": "false",
                            "enable_classiclink_dns_support": "false",
                            "enable_dns_hostnames": "true",
                            "enable_dns_support": "true",
                            "id": "vpc-6bcb5c10",
                            "instance_tenancy": "default",
                            "main_route_table_id": "rtb-99bc3fe5",
                            "tags.%": "1",
                            "tags.Name": "VpcTerraform"
                        },
                        "meta": {
                            "schema_version": "1"
                        },
                        "tainted": false
                    },
                    "deposed": [],
                    "provider": "provider.aws"
                }
            },
            "depends_on": []
        }
    ]
}
